
Microsoft Visual Studio Solution File, Format Version 12.00
# Visual Studio 15
VisualStudioVersion = 15.0.28307.1022
MinimumVisualStudioVersion = 10.0.40219.1
Project("{8BC9CEB8-8B4A-11D0-8D11-00A0C91BC942}") = "20200426", "20200426\20200426.vcxproj", "{BDE83B86-60BE-4072-95FC-9A37EB13BC3B}"
EndProject
Global
	GlobalSection(SolutionConfigurationPlatforms) = preSolution
		Debug|x64 = Debug|x64
		Debug|x86 = Debug|x86
		Release|x64 = Release|x64
		Release|x86 = Release|x86
	EndGlobalSection
	GlobalSection(ProjectConfigurationPlatforms) = postSolution
		{BDE83B86-60BE-4072-95FC-9A37EB13BC3B}.Debug|x64.ActiveCfg = Debug|x64
		{BDE83B86-60BE-4072-95FC-9A37EB13BC3B}.Debug|x64.Build.0 = Debug|x64
		{BDE83B86-60BE-4072-95FC-9A37EB13BC3B}.Debug|x86.ActiveCfg = Debug|Win32
		{BDE83B86-60BE-4072-95FC-9A37EB13BC3B}.Debug|x86.Build.0 = Debug|Win32
		{BDE83B86-60BE-4072-95FC-9A37EB13BC3B}.Release|x64.ActiveCfg = Release|x64
		{BDE83B86-60BE-4072-95FC-9A37EB13BC3B}.Release|x64.Build.0 = Release|x64
		{BDE83B86-60BE-4072-95FC-9A37EB13BC3B}.Release|x86.ActiveCfg = Release|Win32
		{BDE83B86-60BE-4072-95FC-9A37EB13BC3B}.Release|x86.Build.0 = Release|Win32
	EndGlobalSection
	GlobalSection(SolutionProperties) = preSolution
		HideSolutionNode = FALSE
	EndGlobalSection
	GlobalSection(ExtensibilityGlobals) = postSolution
		SolutionGuid = {79A6E143-BD65-4F74-8D47-0C82CEFE0252}
	EndGlobalSection
EndGlobal
